// !$*UTF8*$!
{
	archiveVersion = 1;
	classes = {
	};
	objectVersion = 46;
	objects = {

/* Begin PBXBuildFile section */
		17704A261A09799000198AD5 /* AppDelegate.swift in Sources */ = {isa = PBXBuildFile; fileRef = 17704A251A09799000198AD5 /* AppDelegate.swift */; };
		17704A291A09799000198AD5 /* ExchangeAGram.xcdatamodeld in Sources */ = {isa = PBXBuildFile; fileRef = 17704A271A09799000198AD5 /* ExchangeAGram.xcdatamodeld */; };
		17704A2E1A09799000198AD5 /* Main.storyboard in Resources */ = {isa = PBXBuildFile; fileRef = 17704A2C1A09799000198AD5 /* Main.storyboard */; };
		17704A301A09799000198AD5 /* Images.xcassets in Resources */ = {isa = PBXBuildFile; fileRef = 17704A2F1A09799000198AD5 /* Images.xcassets */; };
		17704A331A09799000198AD5 /* LaunchScreen.xib in Resources */ = {isa = PBXBuildFile; fileRef = 17704A311A09799000198AD5 /* LaunchScreen.xib */; };
		17704A3F1A09799000198AD5 /* ExchangeAGramTests.swift in Sources */ = {isa = PBXBuildFile; fileRef = 17704A3E1A09799000198AD5 /* ExchangeAGramTests.swift */; };
		17704A491A097C9A00198AD5 /* FeedViewController.swift in Sources */ = {isa = PBXBuildFile; fileRef = 17704A481A097C9A00198AD5 /* FeedViewController.swift */; };
		17704A4B1A09813000198AD5 /* FeedCell.swift in Sources */ = {isa = PBXBuildFile; fileRef = 17704A4A1A09813000198AD5 /* FeedCell.swift */; };
/* End PBXBuildFile section */

/* Begin PBXContainerItemProxy section */
		17704A391A09799000198AD5 /* PBXContainerItemProxy */ = {
			isa = PBXContainerItemProxy;
			containerPortal = 17704A181A09799000198AD5 /* Project object */;
			proxyType = 1;
			remoteGlobalIDString = 17704A1F1A09799000198AD5;
			remoteInfo = ExchangeAGram;
		};
/* End PBXContainerItemProxy section */

/* Begin PBXFileReference section */
		17704A201A09799000198AD5 /* ExchangeAGram.app */ = {isa = PBXFileReference; explicitFileType = wrapper.application; includeInIndex = 0; path = ExchangeAGram.app; sourceTree = BUILT_PRODUCTS_DIR; };
		17704A241A09799000198AD5 /* Info.plist */ = {isa = PBXFileReference; lastKnownFileType = text.plist.xml; path = Info.plist; sourceTree = "<group>"; };
		17704A251A09799000198AD5 /* AppDelegate.swift */ = {isa = PBXFileReference; lastKnownFileType = sourcecode.swift; path = AppDelegate.swift; sourceTree = "<group>"; };
		17704A281A09799000198AD5 /* ExchangeAGram.xcdatamodel */ = {isa = PBXFileReference; lastKnownFileType = wrapper.xcdatamodel; path = ExchangeAGram.xcdatamodel; sourceTree = "<group>"; };
		17704A2D1A09799000198AD5 /* Base */ = {isa = PBXFileReference; lastKnownFileType = file.storyboard; name = Base; path = Base.lproj/Main.storyboard; sourceTree = "<group>"; };
		17704A2F1A09799000198AD5 /* Images.xcassets */ = {isa = PBXFileReference; lastKnownFileType = folder.assetcatalog; path = Images.xcassets; sourceTree = "<group>"; };
		17704A321A09799000198AD5 /* Base */ = {isa = PBXFileReference; lastKnownFileType = file.xib; name = Base; path = Base.lproj/LaunchScreen.xib; sourceTree = "<group>"; };
		17704A381A09799000198AD5 /* ExchangeAGramTests.xctest */ = {isa = PBXFileReference; explicitFileType = wrapper.cfbundle; includeInIndex = 0; path = ExchangeAGramTests.xctest; sourceTree = BUILT_PRODUCTS_DIR; };
		17704A3D1A09799000198AD5 /* Info.plist */ = {isa = PBXFileReference; lastKnownFileType = text.plist.xml; path = Info.plist; sourceTree = "<group>"; };
		17704A3E1A09799000198AD5 /* ExchangeAGramTests.swift */ = {isa = PBXFileReference; lastKnownFileType = sourcecode.swift; path = ExchangeAGramTests.swift; sourceTree = "<group>"; };
		17704A481A097C9A00198AD5 /* FeedViewController.swift */ = {isa = PBXFileReference; fileEncoding = 4; lastKnownFileType = sourcecode.swift; path = FeedViewController.swift; sourceTree = "<group>"; };
		17704A4A1A09813000198AD5 /* FeedCell.swift */ = {isa = PBXFileReference; fileEncoding = 4; lastKnownFileType = sourcecode.swift; path = FeedCell.swift; sourceTree = "<group>"; };
/* End PBXFileReference section */

/* Begin PBXFrameworksBuildPhase section */
		17704A1D1A09799000198AD5 /* Frameworks */ = {
			isa = PBXFrameworksBuildPhase;
			buildActionMask = 2147483647;
			files = (
			);
			runOnlyForDeploymentPostprocessing = 0;
		};
		17704A351A09799000198AD5 /* Frameworks */ = {
			isa = PBXFrameworksBuildPhase;
			buildActionMask = 2147483647;
			files = (
			);
			runOnlyForDeploymentPostprocessing = 0;
		};
/* End PBXFrameworksBuildPhase section */

/* Begin PBXGroup section */
		17704A171A09798F00198AD5 = {
			isa = PBXGroup;
			children = (
				17704A221A09799000198AD5 /* ExchangeAGram */,
				17704A3B1A09799000198AD5 /* ExchangeAGramTests */,
				17704A211A09799000198AD5 /* Products */,
			);
			sourceTree = "<group>";
		};
		17704A211A09799000198AD5 /* Products */ = {
			isa = PBXGroup;
			children = (
				17704A201A09799000198AD5 /* ExchangeAGram.app */,
				17704A381A09799000198AD5 /* ExchangeAGramTests.xctest */,
			);
			name = Products;
			sourceTree = "<group>";
		};
		17704A221A09799000198AD5 /* ExchangeAGram */ = {
			isa = PBXGroup;
			children = (
				17704A251A09799000198AD5 /* AppDelegate.swift */,
				17704A481A097C9A00198AD5 /* FeedViewController.swift */,
				17704A4A1A09813000198AD5 /* FeedCell.swift */,
				17704A2C1A09799000198AD5 /* Main.storyboard */,
				17704A2F1A09799000198AD5 /* Images.xcassets */,
				17704A311A09799000198AD5 /* LaunchScreen.xib */,
				17704A271A09799000198AD5 /* ExchangeAGram.xcdatamodeld */,
				17704A231A09799000198AD5 /* Supporting Files */,
			);
			path = ExchangeAGram;
			sourceTree = "<group>";
		};
		17704A231A09799000198AD5 /* Supporting Files */ = {
			isa = PBXGroup;
			children = (
				17704A241A09799000198AD5 /* Info.plist */,
			);
			name = "Supporting Files";
			sourceTree = "<group>";
		};
		17704A3B1A09799000198AD5 /* ExchangeAGramTests */ = {
			isa = PBXGroup;
			children = (
				17704A3E1A09799000198AD5 /* ExchangeAGramTests.swift */,
				17704A3C1A09799000198AD5 /* Supporting Files */,
			);
			path = ExchangeAGramTests;
			sourceTree = "<group>";
		};
		17704A3C1A09799000198AD5 /* Supporting Files */ = {
			isa = PBXGroup;
			children = (
				17704A3D1A09799000198AD5 /* Info.plist */,
			);
			name = "Supporting Files";
			sourceTree = "<group>";
		};
/* End PBXGroup section */

/* Begin PBXNativeTarget section */
		17704A1F1A09799000198AD5 /* ExchangeAGram */ = {
			isa = PBXNativeTarget;
			buildConfigurationList = 17704A421A09799000198AD5 /* Build configuration list for PBXNativeTarget "ExchangeAGram" */;
			buildPhases = (
				17704A1C1A09799000198AD5 /* Sources */,
				17704A1D1A09799000198AD5 /* Frameworks */,
				17704A1E1A09799000198AD5 /* Resources */,
			);
			buildRules = (
			);
			dependencies = (
			);
			name = ExchangeAGram;
			productName = ExchangeAGram;
			productReference = 17704A201A09799000198AD5 /* ExchangeAGram.app */;
			productType = "com.apple.product-type.application";
		};
		17704A371A09799000198AD5 /* ExchangeAGramTests */ = {
			isa = PBXNativeTarget;
			buildConfigurationList = 17704A451A09799000198AD5 /* Build configuration list for PBXNativeTarget "ExchangeAGramTests" */;
			buildPhases = (
				17704A341A09799000198AD5 /* Sources */,
				17704A351A09799000198AD5 /* Frameworks */,
				17704A361A09799000198AD5 /* Resources */,
			);
			buildRules = (
			);
			dependencies = (
				17704A3A1A09799000198AD5 /* PBXTargetDependency */,
			);
			name = ExchangeAGramTests;
			productName = ExchangeAGramTests;
			productReference = 17704A381A09799000198AD5 /* ExchangeAGramTests.xctest */;
			productType = "com.apple.product-type.bundle.unit-test";
		};
/* End PBXNativeTarget section */

/* Begin PBXProject section */
		17704A181A09799000198AD5 /* Project object */ = {
			isa = PBXProject;
			attributes = {
				LastUpgradeCheck = 0610;
				ORGANIZATIONNAME = NanYar;
				TargetAttributes = {
					17704A1F1A09799000198AD5 = {
						CreatedOnToolsVersion = 6.1;
					};
					17704A371A09799000198AD5 = {
						CreatedOnToolsVersion = 6.1;
						TestTargetID = 17704A1F1A09799000198AD5;
					};
				};
			};
			buildConfigurationList = 17704A1B1A09799000198AD5 /* Build configuration list for PBXProject "ExchangeAGram" */;
			compatibilityVersion = "Xcode 3.2";
			developmentRegion = English;
			hasScannedForEncodings = 0;
			knownRegions = (
				en,
				Base,
			);
			mainGroup = 17704A171A09798F00198AD5;
			productRefGroup = 17704A211A09799000198AD5 /* Products */;
			projectDirPath = "";
			projectRoot = "";
			targets = (
				17704A1F1A09799000198AD5 /* ExchangeAGram */,
				17704A371A09799000198AD5 /* ExchangeAGramTests */,
			);
		};
/* End PBXProject section */

/* Begin PBXResourcesBuildPhase section */
		17704A1E1A09799000198AD5 /* Resources */ = {
			isa = PBXResourcesBuildPhase;
			buildActionMask = 2147483647;
			files = (
				17704A2E1A09799000198AD5 /* Main.storyboard in Resources */,
				17704A331A09799000198AD5 /* LaunchScreen.xib in Resources */,
				17704A301A09799000198AD5 /* Images.xcassets in Resources */,
			);
			runOnlyForDeploymentPostprocessing = 0;
		};
		17704A361A09799000198AD5 /* Resources */ = {
			isa = PBXResourcesBuildPhase;
			buildActionMask = 2147483647;
			files = (
			);
			runOnlyForDeploymentPostprocessing = 0;
		};
/* End PBXResourcesBuildPhase section */

/* Begin PBXSourcesBuildPhase section */
		17704A1C1A09799000198AD5 /* Sources */ = {
			isa = PBXSourcesBuildPhase;
			buildActionMask = 2147483647;
			files = (
				17704A261A09799000198AD5 /* AppDelegate.swift in Sources */,
				17704A4B1A09813000198AD5 /* FeedCell.swift in Sources */,
				17704A491A097C9A00198AD5 /* FeedViewController.swift in Sources */,
				17704A291A09799000198AD5 /* ExchangeAGram.xcdatamodeld in Sources */,
			);
			runOnlyForDeploymentPostprocessing = 0;
		};
		17704A341A09799000198AD5 /* Sources */ = {
			isa = PBXSourcesBuildPhase;
			buildActionMask = 2147483647;
			files = (
				17704A3F1A09799000198AD5 /* ExchangeAGramTests.swift in Sources */,
			);
			runOnlyForDeploymentPostprocessing = 0;
		};
/* End PBXSourcesBuildPhase section */

/* Begin PBXTargetDependency section */
		17704A3A1A09799000198AD5 /* PBXTargetDependency */ = {
			isa = PBXTargetDependency;
			target = 17704A1F1A09799000198AD5 /* ExchangeAGram */;
			targetProxy = 17704A391A09799000198AD5 /* PBXContainerItemProxy */;
		};
/* End PBXTargetDependency section */

/* Begin PBXVariantGroup section */
		17704A2C1A09799000198AD5 /* Main.storyboard */ = {
			isa = PBXVariantGroup;
			children = (
				17704A2D1A09799000198AD5 /* Base */,
			);
			name = Main.storyboard;
			sourceTree = "<group>";
		};
		17704A311A09799000198AD5 /* LaunchScreen.xib */ = {
			isa = PBXVariantGroup;
			children = (
				17704A321A09799000198AD5 /* Base */,
			);
			name = LaunchScreen.xib;
			sourceTree = "<group>";
		};
/* End PBXVariantGroup section */

/* Begin XCBuildConfiguration section */
		17704A401A09799000198AD5 /* Debug */ = {
			isa = XCBuildConfiguration;
			buildSettings = {
				ALWAYS_SEARCH_USER_PATHS = NO;
				CLANG_CXX_LANGUAGE_STANDARD = "gnu++0x";
				CLANG_CXX_LIBRARY = "libc++";
				CLANG_ENABLE_MODULES = YES;
				CLANG_ENABLE_OBJC_ARC = YES;
				CLANG_WARN_BOOL_CONVERSION = YES;
				CLANG_WARN_CONSTANT_CONVERSION = YES;
				CLANG_WARN_DIRECT_OBJC_ISA_USAGE = YES_ERROR;
				CLANG_WARN_EMPTY_BODY = YES;
				CLANG_WARN_ENUM_CONVERSION = YES;
				CLANG_WARN_INT_CONVERSION = YES;
				CLANG_WARN_OBJC_ROOT_CLASS = YES_ERROR;
				CLANG_WARN_UNREACHABLE_CODE = YES;
				CLANG_WARN__DUPLICATE_METHOD_MATCH = YES;
				"CODE_SIGN_IDENTITY[sdk=iphoneos*]" = "iPhone Developer";
				COPY_PHASE_STRIP = NO;
				ENABLE_STRICT_OBJC_MSGSEND = YES;
				GCC_C_LANGUAGE_STANDARD = gnu99;
				GCC_DYNAMIC_NO_PIC = NO;
				GCC_OPTIMIZATION_LEVEL = 0;
				GCC_PREPROCESSOR_DEFINITIONS = (
					"DEBUG=1",
					"$(inherited)",
				);
				GCC_SYMBOLS_PRIVATE_EXTERN = NO;
				GCC_WARN_64_TO_32_BIT_CONVERSION = YES;
				GCC_WARN_ABOUT_RETURN_TYPE = YES_ERROR;
				GCC_WARN_UNDECLARED_SELECTOR = YES;
				GCC_WARN_UNINITIALIZED_AUTOS = YES_AGGRESSIVE;
				GCC_WARN_UNUSED_FUNCTION = YES;
				GCC_WARN_UNUSED_VARIABLE = YES;
				IPHONEOS_DEPLOYMENT_TARGET = 8.1;
				MTL_ENABLE_DEBUG_INFO = YES;
				ONLY_ACTIVE_ARCH = YES;
				SDKROOT = iphoneos;
				SWIFT_OPTIMIZATION_LEVEL = "-Onone";
				TARGETED_DEVICE_FAMILY = "1,2";
			};
			name = Debug;
		};
		17704A411A09799000198AD5 /* Release */ = {
			isa = XCBuildConfiguration;
			buildSettings = {
				ALWAYS_SEARCH_USER_PATHS = NO;
				CLANG_CXX_LANGUAGE_STANDARD = "gnu++0x";
				CLANG_CXX_LIBRARY = "libc++";
				CLANG_ENABLE_MODULES = YES;
				CLANG_ENABLE_OBJC_ARC = YES;
				CLANG_WARN_BOOL_CONVERSION = YES;
				CLANG_WARN_CONSTANT_CONVERSION = YES;
				CLANG_WARN_DIRECT_OBJC_ISA_USAGE = YES_ERROR;
				CLANG_WARN_EMPTY_BODY = YES;
				CLANG_WARN_ENUM_CONVERSION = YES;
				CLANG_WARN_INT_CONVERSION = YES;
				CLANG_WARN_OBJC_ROOT_CLASS = YES_ERROR;
				CLANG_WARN_UNREACHABLE_CODE = YES;
				CLANG_WARN__DUPLICATE_METHOD_MATCH = YES;
				"CODE_SIGN_IDENTITY[sdk=iphoneos*]" = "iPhone Developer";
				COPY_PHASE_STRIP = YES;
				ENABLE_NS_ASSERTIONS = NO;
				ENABLE_STRICT_OBJC_MSGSEND = YES;
				GCC_C_LANGUAGE_STANDARD = gnu99;
				GCC_WARN_64_TO_32_BIT_CONVERSION = YES;
				GCC_WARN_ABOUT_RETURN_TYPE = YES_ERROR;
				GCC_WARN_UNDECLARED_SELECTOR = YES;
				GCC_WARN_UNINITIALIZED_AUTOS = YES_AGGRESSIVE;
				GCC_WARN_UNUSED_FUNCTION = YES;
				GCC_WARN_UNUSED_VARIABLE = YES;
				IPHONEOS_DEPLOYMENT_TARGET = 8.1;
				MTL_ENABLE_DEBUG_INFO = NO;
				SDKROOT = iphoneos;
				TARGETED_DEVICE_FAMILY = "1,2";
				VALIDATE_PRODUCT = YES;
			};
			name = Release;
		};
		17704A431A09799000198AD5 /* Debug */ = {
			isa = XCBuildConfiguration;
			buildSettings = {
				ASSETCATALOG_COMPILER_APPICON_NAME = AppIcon;
				INFOPLIST_FILE = ExchangeAGram/Info.plist;
				LD_RUNPATH_SEARCH_PATHS = "$(inherited) @executable_path/Frameworks";
				PRODUCT_NAME = "$(TARGET_NAME)";
			};
			name = Debug;
		};
		17704A441A09799000198AD5 /* Release */ = {
			isa = XCBuildConfiguration;
			buildSettings = {
				ASSETCATALOG_COMPILER_APPICON_NAME = AppIcon;
				INFOPLIST_FILE = ExchangeAGram/Info.plist;
				LD_RUNPATH_SEARCH_PATHS = "$(inherited) @executable_path/Frameworks";
				PRODUCT_NAME = "$(TARGET_NAME)";
			};
			name = Release;
		};
		17704A461A09799000198AD5 /* Debug */ = {
			isa = XCBuildConfiguration;
			buildSettings = {
				BUNDLE_LOADER = "$(TEST_HOST)";
				FRAMEWORK_SEARCH_PATHS = (
					"$(SDKROOT)/Developer/Library/Frameworks",
					"$(inherited)",
				);
				GCC_PREPROCESSOR_DEFINITIONS = (
					"DEBUG=1",
					"$(inherited)",
				);
				INFOPLIST_FILE = ExchangeAGramTests/Info.plist;
				LD_RUNPATH_SEARCH_PATHS = "$(inherited) @executable_path/Frameworks @loader_path/Frameworks";
				PRODUCT_NAME = "$(TARGET_NAME)";
				TEST_HOST = "$(BUILT_PRODUCTS_DIR)/ExchangeAGram.app/ExchangeAGram";
			};
			name = Debug;
		};
		17704A471A09799000198AD5 /* Release */ = {
			isa = XCBuildConfiguration;
			buildSettings = {
				BUNDLE_LOADER = "$(TEST_HOST)";
				FRAMEWORK_SEARCH_PATHS = (
					"$(SDKROOT)/Developer/Library/Frameworks",
					"$(inherited)",
				);
				INFOPLIST_FILE = ExchangeAGramTests/Info.plist;
				LD_RUNPATH_SEARCH_PATHS = "$(inherited) @executable_path/Frameworks @loader_path/Frameworks";
				PRODUCT_NAME = "$(TARGET_NAME)";
				TEST_HOST = "$(BUILT_PRODUCTS_DIR)/ExchangeAGram.app/ExchangeAGram";
			};
			name = Release;
		};
/* End XCBuildConfiguration section */

/* Begin XCConfigurationList section */
		17704A1B1A09799000198AD5 /* Build configuration list for PBXProject "ExchangeAGram" */ = {
			isa = XCConfigurationList;
			buildConfigurations = (
				17704A401A09799000198AD5 /* Debug */,
				17704A411A09799000198AD5 /* Release */,
			);
			defaultConfigurationIsVisible = 0;
			defaultConfigurationName = Release;
		};
		17704A421A09799000198AD5 /* Build configuration list for PBXNativeTarget "ExchangeAGram" */ = {
			isa = XCConfigurationList;
			buildConfigurations = (
				17704A431A09799000198AD5 /* Debug */,
				17704A441A09799000198AD5 /* Release */,
			);
			defaultConfigurationIsVisible = 0;
		};
		17704A451A09799000198AD5 /* Build configuration list for PBXNativeTarget "ExchangeAGramTests" */ = {
			isa = XCConfigurationList;
			buildConfigurations = (
				17704A461A09799000198AD5 /* Debug */,
				17704A471A09799000198AD5 /* Release */,
			);
			defaultConfigurationIsVisible = 0;
		};
/* End XCConfigurationList section */

/* Begin XCVersionGroup section */
		17704A271A09799000198AD5 /* ExchangeAGram.xcdatamodeld */ = {
			isa = XCVersionGroup;
			children = (
				17704A281A09799000198AD5 /* ExchangeAGram.xcdatamodel */,
			);
			currentVersion = 17704A281A09799000198AD5 /* ExchangeAGram.xcdatamodel */;
			path = ExchangeAGram.xcdatamodeld;
			sourceTree = "<group>";
			versionGroupType = wrapper.xcdatamodel;
		};
/* End XCVersionGroup section */
	};
	rootObject = 17704A181A09799000198AD5 /* Project object */;
}
